
Microsoft Visual Studio Solution File, Format Version 12.00
# Visual Studio 15
VisualStudioVersion = 15.0.28010.2003
MinimumVisualStudioVersion = 10.0.40219.1
Project("{FAE04EC0-301F-11D3-BF4B-00C04F79EFBC}") = "morph calc", "WindowsFormsApp3\morph calc.csproj", "{155E16FD-DAF6-4E92-B7E3-774C31A679CA}"
EndProject
Global
	GlobalSection(SolutionConfigurationPlatforms) = preSolution
		Debug|Any CPU = Debug|Any CPU
		Release|Any CPU = Release|Any CPU
	EndGlobalSection
	GlobalSection(ProjectConfigurationPlatforms) = postSolution
		{155E16FD-DAF6-4E92-B7E3-774C31A679CA}.Debug|Any CPU.ActiveCfg = Debug|Any CPU
		{155E16FD-DAF6-4E92-B7E3-774C31A679CA}.Debug|Any CPU.Build.0 = Debug|Any CPU
		{155E16FD-DAF6-4E92-B7E3-774C31A679CA}.Release|Any CPU.ActiveCfg = Release|Any CPU
		{155E16FD-DAF6-4E92-B7E3-774C31A679CA}.Release|Any CPU.Build.0 = Release|Any CPU
	EndGlobalSection
	GlobalSection(SolutionProperties) = preSolution
		HideSolutionNode = FALSE
	EndGlobalSection
	GlobalSection(ExtensibilityGlobals) = postSolution
		SolutionGuid = {C84D2305-45EB-4398-AB65-D98E5E99369F}
	EndGlobalSection
EndGlobal
